
Microsoft Visual Studio Solution File, Format Version 12.00
# Visual Studio Version 16
VisualStudioVersion = 16.0.31321.278
MinimumVisualStudioVersion = 10.0.40219.1
Project("{FAE04EC0-301F-11D3-BF4B-00C04F79EFBC}") = "1_add", "1_add\1_add.csproj", "{89299B6C-1A6B-425C-A02B-8F2C246E13AD}"
EndProject
Project("{FAE04EC0-301F-11D3-BF4B-00C04F79EFBC}") = "2_monitor", "2_monitor\2_monitor.csproj", "{12555BD7-0E41-4733-9A7A-58D1F906E0CA}"
EndProject
Global
	GlobalSection(SolutionConfigurationPlatforms) = preSolution
		Debug|Any CPU = Debug|Any CPU
		Release|Any CPU = Release|Any CPU
	EndGlobalSection
	GlobalSection(ProjectConfigurationPlatforms) = postSolution
		{89299B6C-1A6B-425C-A02B-8F2C246E13AD}.Debug|Any CPU.ActiveCfg = Debug|Any CPU
		{89299B6C-1A6B-425C-A02B-8F2C246E13AD}.Debug|Any CPU.Build.0 = Debug|Any CPU
		{89299B6C-1A6B-425C-A02B-8F2C246E13AD}.Release|Any CPU.ActiveCfg = Release|Any CPU
		{89299B6C-1A6B-425C-A02B-8F2C246E13AD}.Release|Any CPU.Build.0 = Release|Any CPU
		{12555BD7-0E41-4733-9A7A-58D1F906E0CA}.Debug|Any CPU.ActiveCfg = Debug|Any CPU
		{12555BD7-0E41-4733-9A7A-58D1F906E0CA}.Debug|Any CPU.Build.0 = Debug|Any CPU
		{12555BD7-0E41-4733-9A7A-58D1F906E0CA}.Release|Any CPU.ActiveCfg = Release|Any CPU
		{12555BD7-0E41-4733-9A7A-58D1F906E0CA}.Release|Any CPU.Build.0 = Release|Any CPU
	EndGlobalSection
	GlobalSection(SolutionProperties) = preSolution
		HideSolutionNode = FALSE
	EndGlobalSection
	GlobalSection(ExtensibilityGlobals) = postSolution
		SolutionGuid = {9BB0E16B-D371-478B-8363-222E8DB00F7B}
	EndGlobalSection
EndGlobal
